{
  "name": "workspace",
  "version": "1.0.0",
  "lockfileVersion": 3,
  "requires": true,
  "packages": {
    "": {
      "name": "workspace",
      "version": "1.0.0",
      "license": "ISC",
      "dependencies": {
        "dotenv": "^17.2.1",
        "node-telegram-bot-api": "^0.66.0"
      }
    },
    "node_modules/@cypress/request": {
      "version": "3.0.9",
      "resolved": "https://registry.npmjs.org/@cypress/request/-/request-3.0.9.tgz",
      "integrity": "sha512-I3l7FdGRXluAS44/0NguwWlO83J18p0vlr2FYHrJkWdNYhgVoiYo61IXPqaOsL+vNxU1ZqMACzItGK3/KKDsdw==",
      "license": "Apache-2.0",
      "dependencies": {
        "aws-sign2": "~0.7.0",
        "aws4": "^1.8.0",
        "caseless": "~0.12.0",
        "combined-stream": "~1.0.6",
        "extend": "~3.0.2",
        "forever-agent": "~0.6.1",
        "form-data": "~4.0.4",
        "http-signature": "~1.4.0",
        "is-typedarray": "~1.0.0",
        "isstream": "~0.1.2",
        "json-stringify-safe": "~5.0.1",
        "mime-types": "~2.1.19",
        "performance-now": "^2.1.0",
        "qs": "6.14.0",
        "safe-buffer": "^5.1.2",
        "tough-cookie": "^5.0.0",
        "tunnel-agent": "^0.6.0",
        "uuid": "^8.3.2"
      },
      "engines": {
        "node": ">= 6"
      }
    },
